// !$*UTF8*$!
{
	archiveVersion = 1;
	classes = {
	};
	objectVersion = 50;
	objects = {

/* Begin PBXBuildFile section */
		A989E4DD2163C67E00DD495F /* AppDelegate.swift in Sources */ = {isa = PBXBuildFile; fileRef = A989E4DC2163C67E00DD495F /* AppDelegate.swift */; };
		A989E4DF2163C67E00DD495F /* ViewController.swift in Sources */ = {isa = PBXBuildFile; fileRef = A989E4DE2163C67E00DD495F /* ViewController.swift */; };
		A989E4E22163C67E00DD495F /* Main.storyboard in Resources */ = {isa = PBXBuildFile; fileRef = A989E4E02163C67E00DD495F /* Main.storyboard */; };
		A989E4E42163C67F00DD495F /* Assets.xcassets in Resources */ = {isa = PBXBuildFile; fileRef = A989E4E32163C67F00DD495F /* Assets.xcassets */; };
		A989E4E72163C67F00DD495F /* LaunchScreen.storyboard in Resources */ = {isa = PBXBuildFile; fileRef = A989E4E52163C67F00DD495F /* LaunchScreen.storyboard */; };
		A989E4F22163C67F00DD495F /* MathTests.swift in Sources */ = {isa = PBXBuildFile; fileRef = A989E4F12163C67F00DD495F /* MathTests.swift */; };
		A9CE71EC216717A7003CC893 /* Interface.storyboard in Resources */ = {isa = PBXBuildFile; fileRef = A9CE71EA216717A7003CC893 /* Interface.storyboard */; };
		A9CE71EE216717A9003CC893 /* Assets.xcassets in Resources */ = {isa = PBXBuildFile; fileRef = A9CE71ED216717A9003CC893 /* Assets.xcassets */; };
		A9CE71F5216717A9003CC893 /* MathWatch Extension.appex in Embed App Extensions */ = {isa = PBXBuildFile; fileRef = A9CE71F4216717A9003CC893 /* MathWatch Extension.appex */; settings = {ATTRIBUTES = (RemoveHeadersOnCopy, ); }; };
		A9CE71FA216717A9003CC893 /* InterfaceController.swift in Sources */ = {isa = PBXBuildFile; fileRef = A9CE71F9216717A9003CC893 /* InterfaceController.swift */; };
		A9CE71FC216717A9003CC893 /* ExtensionDelegate.swift in Sources */ = {isa = PBXBuildFile; fileRef = A9CE71FB216717A9003CC893 /* ExtensionDelegate.swift */; };
		A9CE71FE216717A9003CC893 /* NotificationController.swift in Sources */ = {isa = PBXBuildFile; fileRef = A9CE71FD216717A9003CC893 /* NotificationController.swift */; };
		A9CE7200216717AA003CC893 /* Assets.xcassets in Resources */ = {isa = PBXBuildFile; fileRef = A9CE71FF216717AA003CC893 /* Assets.xcassets */; };
		A9CE7205216717AA003CC893 /* MathWatch.app in Embed Watch Content */ = {isa = PBXBuildFile; fileRef = A9CE71E8216717A7003CC893 /* MathWatch.app */; };
		A9E742A121682A650054EC6F /* SecondInterfaceController.swift in Sources */ = {isa = PBXBuildFile; fileRef = A9E742A021682A650054EC6F /* SecondInterfaceController.swift */; };
/* End PBXBuildFile section */

/* Begin PBXContainerItemProxy section */
		A989E4EE2163C67F00DD495F /* PBXContainerItemProxy */ = {
			isa = PBXContainerItemProxy;
			containerPortal = A989E4D12163C67D00DD495F /* Project object */;
			proxyType = 1;
			remoteGlobalIDString = A989E4D82163C67D00DD495F;
			remoteInfo = Math;
		};
		A9CE71F6216717A9003CC893 /* PBXContainerItemProxy */ = {
			isa = PBXContainerItemProxy;
			containerPortal = A989E4D12163C67D00DD495F /* Project object */;
			proxyType = 1;
			remoteGlobalIDString = A9CE71F3216717A9003CC893;
			remoteInfo = "MathWatch Extension";
		};
		A9CE7203216717AA003CC893 /* PBXContainerItemProxy */ = {
			isa = PBXContainerItemProxy;
			containerPortal = A989E4D12163C67D00DD495F /* Project object */;
			proxyType = 1;
			remoteGlobalIDString = A9CE71E7216717A7003CC893;
			remoteInfo = MathWatch;
		};
/* End PBXContainerItemProxy section */

/* Begin PBXCopyFilesBuildPhase section */
		A9CE720B216717AA003CC893 /* Embed App Extensions */ = {
			isa = PBXCopyFilesBuildPhase;
			buildActionMask = 2147483647;
			dstPath = "";
			dstSubfolderSpec = 13;
			files = (
				A9CE71F5216717A9003CC893 /* MathWatch Extension.appex in Embed App Extensions */,
			);
			name = "Embed App Extensions";
			runOnlyForDeploymentPostprocessing = 0;
		};
		A9CE720D216717AA003CC893 /* Embed Watch Content */ = {
			isa = PBXCopyFilesBuildPhase;
			buildActionMask = 2147483647;
			dstPath = "$(CONTENTS_FOLDER_PATH)/Watch";
			dstSubfolderSpec = 16;
			files = (
				A9CE7205216717AA003CC893 /* MathWatch.app in Embed Watch Content */,
			);
			name = "Embed Watch Content";
			runOnlyForDeploymentPostprocessing = 0;
		};
/* End PBXCopyFilesBuildPhase section */

/* Begin PBXFileReference section */
		A989E4D92163C67E00DD495F /* Math.app */ = {isa = PBXFileReference; explicitFileType = wrapper.application; includeInIndex = 0; path = Math.app; sourceTree = BUILT_PRODUCTS_DIR; };
		A989E4DC2163C67E00DD495F /* AppDelegate.swift */ = {isa = PBXFileReference; lastKnownFileType = sourcecode.swift; path = AppDelegate.swift; sourceTree = "<group>"; };
		A989E4DE2163C67E00DD495F /* ViewController.swift */ = {isa = PBXFileReference; lastKnownFileType = sourcecode.swift; path = ViewController.swift; sourceTree = "<group>"; };
		A989E4E12163C67E00DD495F /* Base */ = {isa = PBXFileReference; lastKnownFileType = file.storyboard; name = Base; path = Base.lproj/Main.storyboard; sourceTree = "<group>"; };
		A989E4E32163C67F00DD495F /* Assets.xcassets */ = {isa = PBXFileReference; lastKnownFileType = folder.assetcatalog; path = Assets.xcassets; sourceTree = "<group>"; };
		A989E4E62163C67F00DD495F /* Base */ = {isa = PBXFileReference; lastKnownFileType = file.storyboard; name = Base; path = Base.lproj/LaunchScreen.storyboard; sourceTree = "<group>"; };
		A989E4E82163C67F00DD495F /* Info.plist */ = {isa = PBXFileReference; lastKnownFileType = text.plist.xml; path = Info.plist; sourceTree = "<group>"; };
		A989E4ED2163C67F00DD495F /* MathTests.xctest */ = {isa = PBXFileReference; explicitFileType = wrapper.cfbundle; includeInIndex = 0; path = MathTests.xctest; sourceTree = BUILT_PRODUCTS_DIR; };
		A989E4F12163C67F00DD495F /* MathTests.swift */ = {isa = PBXFileReference; lastKnownFileType = sourcecode.swift; path = MathTests.swift; sourceTree = "<group>"; };
		A989E4F32163C67F00DD495F /* Info.plist */ = {isa = PBXFileReference; lastKnownFileType = text.plist.xml; path = Info.plist; sourceTree = "<group>"; };
		A9CE71E8216717A7003CC893 /* MathWatch.app */ = {isa = PBXFileReference; explicitFileType = wrapper.application; includeInIndex = 0; path = MathWatch.app; sourceTree = BUILT_PRODUCTS_DIR; };
		A9CE71EB216717A7003CC893 /* Base */ = {isa = PBXFileReference; lastKnownFileType = file.storyboard; name = Base; path = Base.lproj/Interface.storyboard; sourceTree = "<group>"; };
		A9CE71ED216717A9003CC893 /* Assets.xcassets */ = {isa = PBXFileReference; lastKnownFileType = folder.assetcatalog; path = Assets.xcassets; sourceTree = "<group>"; };
		A9CE71EF216717A9003CC893 /* Info.plist */ = {isa = PBXFileReference; lastKnownFileType = text.plist.xml; path = Info.plist; sourceTree = "<group>"; };
		A9CE71F4216717A9003CC893 /* MathWatch Extension.appex */ = {isa = PBXFileReference; explicitFileType = "wrapper.app-extension"; includeInIndex = 0; path = "MathWatch Extension.appex"; sourceTree = BUILT_PRODUCTS_DIR; };
		A9CE71F9216717A9003CC893 /* InterfaceController.swift */ = {isa = PBXFileReference; lastKnownFileType = sourcecode.swift; path = InterfaceController.swift; sourceTree = "<group>"; };
		A9CE71FB216717A9003CC893 /* ExtensionDelegate.swift */ = {isa = PBXFileReference; lastKnownFileType = sourcecode.swift; path = ExtensionDelegate.swift; sourceTree = "<group>"; };
		A9CE71FD216717A9003CC893 /* NotificationController.swift */ = {isa = PBXFileReference; lastKnownFileType = sourcecode.swift; path = NotificationController.swift; sourceTree = "<group>"; };
		A9CE71FF216717AA003CC893 /* Assets.xcassets */ = {isa = PBXFileReference; lastKnownFileType = folder.assetcatalog; path = Assets.xcassets; sourceTree = "<group>"; };
		A9CE7201216717AA003CC893 /* Info.plist */ = {isa = PBXFileReference; lastKnownFileType = text.plist.xml; path = Info.plist; sourceTree = "<group>"; };
		A9CE7202216717AA003CC893 /* PushNotificationPayload.apns */ = {isa = PBXFileReference; lastKnownFileType = text; path = PushNotificationPayload.apns; sourceTree = "<group>"; };
		A9E742A021682A650054EC6F /* SecondInterfaceController.swift */ = {isa = PBXFileReference; lastKnownFileType = sourcecode.swift; path = SecondInterfaceController.swift; sourceTree = "<group>"; };
/* End PBXFileReference section */

/* Begin PBXFrameworksBuildPhase section */
		A989E4D62163C67D00DD495F /* Frameworks */ = {
			isa = PBXFrameworksBuildPhase;
			buildActionMask = 2147483647;
			files = (
			);
			runOnlyForDeploymentPostprocessing = 0;
		};
		A989E4EA2163C67F00DD495F /* Frameworks */ = {
			isa = PBXFrameworksBuildPhase;
			buildActionMask = 2147483647;
			files = (
			);
			runOnlyForDeploymentPostprocessing = 0;
		};
		A9CE71F1216717A9003CC893 /* Frameworks */ = {
			isa = PBXFrameworksBuildPhase;
			buildActionMask = 2147483647;
			files = (
			);
			runOnlyForDeploymentPostprocessing = 0;
		};
/* End PBXFrameworksBuildPhase section */

/* Begin PBXGroup section */
		A989E4D02163C67D00DD495F = {
			isa = PBXGroup;
			children = (
				A989E4DB2163C67E00DD495F /* Math */,
				A989E4F02163C67F00DD495F /* MathTests */,
				A9CE71E9216717A7003CC893 /* MathWatch */,
				A9CE71F8216717A9003CC893 /* MathWatch Extension */,
				A989E4DA2163C67E00DD495F /* Products */,
			);
			sourceTree = "<group>";
		};
		A989E4DA2163C67E00DD495F /* Products */ = {
			isa = PBXGroup;
			children = (
				A989E4D92163C67E00DD495F /* Math.app */,
				A989E4ED2163C67F00DD495F /* MathTests.xctest */,
				A9CE71E8216717A7003CC893 /* MathWatch.app */,
				A9CE71F4216717A9003CC893 /* MathWatch Extension.appex */,
			);
			name = Products;
			sourceTree = "<group>";
		};
		A989E4DB2163C67E00DD495F /* Math */ = {
			isa = PBXGroup;
			children = (
				A989E4DC2163C67E00DD495F /* AppDelegate.swift */,
				A989E4DE2163C67E00DD495F /* ViewController.swift */,
				A989E4E02163C67E00DD495F /* Main.storyboard */,
				A989E4E32163C67F00DD495F /* Assets.xcassets */,
				A989E4E52163C67F00DD495F /* LaunchScreen.storyboard */,
				A989E4E82163C67F00DD495F /* Info.plist */,
			);
			path = Math;
			sourceTree = "<group>";
		};
		A989E4F02163C67F00DD495F /* MathTests */ = {
			isa = PBXGroup;
			children = (
				A989E4F12163C67F00DD495F /* MathTests.swift */,
				A989E4F32163C67F00DD495F /* Info.plist */,
			);
			path = MathTests;
			sourceTree = "<group>";
		};
		A9CE71E9216717A7003CC893 /* MathWatch */ = {
			isa = PBXGroup;
			children = (
				A9CE71EA216717A7003CC893 /* Interface.storyboard */,
				A9CE71ED216717A9003CC893 /* Assets.xcassets */,
				A9CE71EF216717A9003CC893 /* Info.plist */,
			);
			path = MathWatch;
			sourceTree = "<group>";
		};
		A9CE71F8216717A9003CC893 /* MathWatch Extension */ = {
			isa = PBXGroup;
			children = (
				A9CE71F9216717A9003CC893 /* InterfaceController.swift */,
				A9CE71FB216717A9003CC893 /* ExtensionDelegate.swift */,
				A9CE71FD216717A9003CC893 /* NotificationController.swift */,
				A9CE71FF216717AA003CC893 /* Assets.xcassets */,
				A9CE7201216717AA003CC893 /* Info.plist */,
				A9CE7202216717AA003CC893 /* PushNotificationPayload.apns */,
				A9E742A021682A650054EC6F /* SecondInterfaceController.swift */,
			);
			path = "MathWatch Extension";
			sourceTree = "<group>";
		};
/* End PBXGroup section */

/* Begin PBXNativeTarget section */
		A989E4D82163C67D00DD495F /* Math */ = {
			isa = PBXNativeTarget;
			buildConfigurationList = A989E4F62163C67F00DD495F /* Build configuration list for PBXNativeTarget "Math" */;
			buildPhases = (
				A989E4D52163C67D00DD495F /* Sources */,
				A989E4D62163C67D00DD495F /* Frameworks */,
				A989E4D72163C67D00DD495F /* Resources */,
				A9CE720D216717AA003CC893 /* Embed Watch Content */,
			);
			buildRules = (
			);
			dependencies = (
				A9CE7204216717AA003CC893 /* PBXTargetDependency */,
			);
			name = Math;
			productName = Math;
			productReference = A989E4D92163C67E00DD495F /* Math.app */;
			productType = "com.apple.product-type.application";
		};
		A989E4EC2163C67F00DD495F /* MathTests */ = {
			isa = PBXNativeTarget;
			buildConfigurationList = A989E4F92163C67F00DD495F /* Build configuration list for PBXNativeTarget "MathTests" */;
			buildPhases = (
				A989E4E92163C67F00DD495F /* Sources */,
				A989E4EA2163C67F00DD495F /* Frameworks */,
				A989E4EB2163C67F00DD495F /* Resources */,
			);
			buildRules = (
			);
			dependencies = (
				A989E4EF2163C67F00DD495F /* PBXTargetDependency */,
			);
			name = MathTests;
			productName = MathTests;
			productReference = A989E4ED2163C67F00DD495F /* MathTests.xctest */;
			productType = "com.apple.product-type.bundle.unit-test";
		};
		A9CE71E7216717A7003CC893 /* MathWatch */ = {
			isa = PBXNativeTarget;
			buildConfigurationList = A9CE720C216717AA003CC893 /* Build configuration list for PBXNativeTarget "MathWatch" */;
			buildPhases = (
				A9CE71E6216717A7003CC893 /* Resources */,
				A9CE720B216717AA003CC893 /* Embed App Extensions */,
			);
			buildRules = (
			);
			dependencies = (
				A9CE71F7216717A9003CC893 /* PBXTargetDependency */,
			);
			name = MathWatch;
			productName = MathWatch;
			productReference = A9CE71E8216717A7003CC893 /* MathWatch.app */;
			productType = "com.apple.product-type.application.watchapp2";
		};
		A9CE71F3216717A9003CC893 /* MathWatch Extension */ = {
			isa = PBXNativeTarget;
			buildConfigurationList = A9CE720A216717AA003CC893 /* Build configuration list for PBXNativeTarget "MathWatch Extension" */;
			buildPhases = (
				A9CE71F0216717A9003CC893 /* Sources */,
				A9CE71F1216717A9003CC893 /* Frameworks */,
				A9CE71F2216717A9003CC893 /* Resources */,
			);
			buildRules = (
			);
			dependencies = (
			);
			name = "MathWatch Extension";
			productName = "MathWatch Extension";
			productReference = A9CE71F4216717A9003CC893 /* MathWatch Extension.appex */;
			productType = "com.apple.product-type.watchkit2-extension";
		};
/* End PBXNativeTarget section */

/* Begin PBXProject section */
		A989E4D12163C67D00DD495F /* Project object */ = {
			isa = PBXProject;
			attributes = {
				LastSwiftUpdateCheck = 1010;
				LastUpgradeCheck = 1000;
				ORGANIZATIONNAME = "Alejandro Ibarra";
				TargetAttributes = {
					A989E4D82163C67D00DD495F = {
						CreatedOnToolsVersion = 10.0;
					};
					A989E4EC2163C67F00DD495F = {
						CreatedOnToolsVersion = 10.0;
						TestTargetID = A989E4D82163C67D00DD495F;
					};
					A9CE71E7216717A7003CC893 = {
						CreatedOnToolsVersion = 10.1;
					};
					A9CE71F3216717A9003CC893 = {
						CreatedOnToolsVersion = 10.1;
					};
				};
			};
			buildConfigurationList = A989E4D42163C67D00DD495F /* Build configuration list for PBXProject "Math" */;
			compatibilityVersion = "Xcode 9.3";
			developmentRegion = en;
			hasScannedForEncodings = 0;
			knownRegions = (
				en,
				Base,
			);
			mainGroup = A989E4D02163C67D00DD495F;
			productRefGroup = A989E4DA2163C67E00DD495F /* Products */;
			projectDirPath = "";
			projectRoot = "";
			targets = (
				A989E4D82163C67D00DD495F /* Math */,
				A989E4EC2163C67F00DD495F /* MathTests */,
				A9CE71E7216717A7003CC893 /* MathWatch */,
				A9CE71F3216717A9003CC893 /* MathWatch Extension */,
			);
		};
/* End PBXProject section */

/* Begin PBXResourcesBuildPhase section */
		A989E4D72163C67D00DD495F /* Resources */ = {
			isa = PBXResourcesBuildPhase;
			buildActionMask = 2147483647;
			files = (
				A989E4E72163C67F00DD495F /* LaunchScreen.storyboard in Resources */,
				A989E4E42163C67F00DD495F /* Assets.xcassets in Resources */,
				A989E4E22163C67E00DD495F /* Main.storyboard in Resources */,
			);
			runOnlyForDeploymentPostprocessing = 0;
		};
		A989E4EB2163C67F00DD495F /* Resources */ = {
			isa = PBXResourcesBuildPhase;
			buildActionMask = 2147483647;
			files = (
			);
			runOnlyForDeploymentPostprocessing = 0;
		};
		A9CE71E6216717A7003CC893 /* Resources */ = {
			isa = PBXResourcesBuildPhase;
			buildActionMask = 2147483647;
			files = (
				A9CE71EE216717A9003CC893 /* Assets.xcassets in Resources */,
				A9CE71EC216717A7003CC893 /* Interface.storyboard in Resources */,
			);
			runOnlyForDeploymentPostprocessing = 0;
		};
		A9CE71F2216717A9003CC893 /* Resources */ = {
			isa = PBXResourcesBuildPhase;
			buildActionMask = 2147483647;
			files = (
				A9CE7200216717AA003CC893 /* Assets.xcassets in Resources */,
			);
			runOnlyForDeploymentPostprocessing = 0;
		};
/* End PBXResourcesBuildPhase section */

/* Begin PBXSourcesBuildPhase section */
		A989E4D52163C67D00DD495F /* Sources */ = {
			isa = PBXSourcesBuildPhase;
			buildActionMask = 2147483647;
			files = (
				A989E4DF2163C67E00DD495F /* ViewController.swift in Sources */,
				A989E4DD2163C67E00DD495F /* AppDelegate.swift in Sources */,
			);
			runOnlyForDeploymentPostprocessing = 0;
		};
		A989E4E92163C67F00DD495F /* Sources */ = {
			isa = PBXSourcesBuildPhase;
			buildActionMask = 2147483647;
			files = (
				A989E4F22163C67F00DD495F /* MathTests.swift in Sources */,
			);
			runOnlyForDeploymentPostprocessing = 0;
		};
		A9CE71F0216717A9003CC893 /* Sources */ = {
			isa = PBXSourcesBuildPhase;
			buildActionMask = 2147483647;
			files = (
				A9CE71FE216717A9003CC893 /* NotificationController.swift in Sources */,
				A9CE71FC216717A9003CC893 /* ExtensionDelegate.swift in Sources */,
				A9CE71FA216717A9003CC893 /* InterfaceController.swift in Sources */,
				A9E742A121682A650054EC6F /* SecondInterfaceController.swift in Sources */,
			);
			runOnlyForDeploymentPostprocessing = 0;
		};
/* End PBXSourcesBuildPhase section */

/* Begin PBXTargetDependency section */
		A989E4EF2163C67F00DD495F /* PBXTargetDependency */ = {
			isa = PBXTargetDependency;
			target = A989E4D82163C67D00DD495F /* Math */;
			targetProxy = A989E4EE2163C67F00DD495F /* PBXContainerItemProxy */;
		};
		A9CE71F7216717A9003CC893 /* PBXTargetDependency */ = {
			isa = PBXTargetDependency;
			target = A9CE71F3216717A9003CC893 /* MathWatch Extension */;
			targetProxy = A9CE71F6216717A9003CC893 /* PBXContainerItemProxy */;
		};
		A9CE7204216717AA003CC893 /* PBXTargetDependency */ = {
			isa = PBXTargetDependency;
			target = A9CE71E7216717A7003CC893 /* MathWatch */;
			targetProxy = A9CE7203216717AA003CC893 /* PBXContainerItemProxy */;
		};
/* End PBXTargetDependency section */

/* Begin PBXVariantGroup section */
		A989E4E02163C67E00DD495F /* Main.storyboard */ = {
			isa = PBXVariantGroup;
			children = (
				A989E4E12163C67E00DD495F /* Base */,
			);
			name = Main.storyboard;
			sourceTree = "<group>";
		};
		A989E4E52163C67F00DD495F /* LaunchScreen.storyboard */ = {
			isa = PBXVariantGroup;
			children = (
				A989E4E62163C67F00DD495F /* Base */,
			);
			name = LaunchScreen.storyboard;
			sourceTree = "<group>";
		};
		A9CE71EA216717A7003CC893 /* Interface.storyboard */ = {
			isa = PBXVariantGroup;
			children = (
				A9CE71EB216717A7003CC893 /* Base */,
			);
			name = Interface.storyboard;
			sourceTree = "<group>";
		};
/* End PBXVariantGroup section */

/* Begin XCBuildConfiguration section */
		A989E4F42163C67F00DD495F /* Debug */ = {
			isa = XCBuildConfiguration;
			buildSettings = {
				ALWAYS_SEARCH_USER_PATHS = NO;
				CLANG_ANALYZER_NONNULL = YES;
				CLANG_ANALYZER_NUMBER_OBJECT_CONVERSION = YES_AGGRESSIVE;
				CLANG_CXX_LANGUAGE_STANDARD = "gnu++14";
				CLANG_CXX_LIBRARY = "libc++";
				CLANG_ENABLE_MODULES = YES;
				CLANG_ENABLE_OBJC_ARC = YES;
				CLANG_ENABLE_OBJC_WEAK = YES;
				CLANG_WARN_BLOCK_CAPTURE_AUTORELEASING = YES;
				CLANG_WARN_BOOL_CONVERSION = YES;
				CLANG_WARN_COMMA = YES;
				CLANG_WARN_CONSTANT_CONVERSION = YES;
				CLANG_WARN_DEPRECATED_OBJC_IMPLEMENTATIONS = YES;
				CLANG_WARN_DIRECT_OBJC_ISA_USAGE = YES_ERROR;
				CLANG_WARN_DOCUMENTATION_COMMENTS = YES;
				CLANG_WARN_EMPTY_BODY = YES;
				CLANG_WARN_ENUM_CONVERSION = YES;
				CLANG_WARN_INFINITE_RECURSION = YES;
				CLANG_WARN_INT_CONVERSION = YES;
				CLANG_WARN_NON_LITERAL_NULL_CONVERSION = YES;
				CLANG_WARN_OBJC_IMPLICIT_RETAIN_SELF = YES;
				CLANG_WARN_OBJC_LITERAL_CONVERSION = YES;
				CLANG_WARN_OBJC_ROOT_CLASS = YES_ERROR;
				CLANG_WARN_RANGE_LOOP_ANALYSIS = YES;
				CLANG_WARN_STRICT_PROTOTYPES = YES;
				CLANG_WARN_SUSPICIOUS_MOVE = YES;
				CLANG_WARN_UNGUARDED_AVAILABILITY = YES_AGGRESSIVE;
				CLANG_WARN_UNREACHABLE_CODE = YES;
				CLANG_WARN__DUPLICATE_METHOD_MATCH = YES;
				CODE_SIGN_IDENTITY = "iPhone Developer";
				COPY_PHASE_STRIP = NO;
				DEBUG_INFORMATION_FORMAT = dwarf;
				ENABLE_STRICT_OBJC_MSGSEND = YES;
				ENABLE_TESTABILITY = YES;
				GCC_C_LANGUAGE_STANDARD = gnu11;
				GCC_DYNAMIC_NO_PIC = NO;
				GCC_NO_COMMON_BLOCKS = YES;
				GCC_OPTIMIZATION_LEVEL = 0;
				GCC_PREPROCESSOR_DEFINITIONS = (
					"DEBUG=1",
					"$(inherited)",
				);
				GCC_WARN_64_TO_32_BIT_CONVERSION = YES;
				GCC_WARN_ABOUT_RETURN_TYPE = YES_ERROR;
				GCC_WARN_UNDECLARED_SELECTOR = YES;
				GCC_WARN_UNINITIALIZED_AUTOS = YES_AGGRESSIVE;
				GCC_WARN_UNUSED_FUNCTION = YES;
				GCC_WARN_UNUSED_VARIABLE = YES;
				IPHONEOS_DEPLOYMENT_TARGET = 12.0;
				MTL_ENABLE_DEBUG_INFO = INCLUDE_SOURCE;
				MTL_FAST_MATH = YES;
				ONLY_ACTIVE_ARCH = YES;
				SDKROOT = iphoneos;
				SWIFT_ACTIVE_COMPILATION_CONDITIONS = DEBUG;
				SWIFT_OPTIMIZATION_LEVEL = "-Onone";
			};
			name = Debug;
		};
		A989E4F52163C67F00DD495F /* Release */ = {
			isa = XCBuildConfiguration;
			buildSettings = {
				ALWAYS_SEARCH_USER_PATHS = NO;
				CLANG_ANALYZER_NONNULL = YES;
				CLANG_ANALYZER_NUMBER_OBJECT_CONVERSION = YES_AGGRESSIVE;
				CLANG_CXX_LANGUAGE_STANDARD = "gnu++14";
				CLANG_CXX_LIBRARY = "libc++";
				CLANG_ENABLE_MODULES = YES;
				CLANG_ENABLE_OBJC_ARC = YES;
				CLANG_ENABLE_OBJC_WEAK = YES;
				CLANG_WARN_BLOCK_CAPTURE_AUTORELEASING = YES;
				CLANG_WARN_BOOL_CONVERSION = YES;
				CLANG_WARN_COMMA = YES;
				CLANG_WARN_CONSTANT_CONVERSION = YES;
				CLANG_WARN_DEPRECATED_OBJC_IMPLEMENTATIONS = YES;
				CLANG_WARN_DIRECT_OBJC_ISA_USAGE = YES_ERROR;
				CLANG_WARN_DOCUMENTATION_COMMENTS = YES;
				CLANG_WARN_EMPTY_BODY = YES;
				CLANG_WARN_ENUM_CONVERSION = YES;
				CLANG_WARN_INFINITE_RECURSION = YES;
				CLANG_WARN_INT_CONVERSION = YES;
				CLANG_WARN_NON_LITERAL_NULL_CONVERSION = YES;
				CLANG_WARN_OBJC_IMPLICIT_RETAIN_SELF = YES;
				CLANG_WARN_OBJC_LITERAL_CONVERSION = YES;
				CLANG_WARN_OBJC_ROOT_CLASS = YES_ERROR;
				CLANG_WARN_RANGE_LOOP_ANALYSIS = YES;
				CLANG_WARN_STRICT_PROTOTYPES = YES;
				CLANG_WARN_SUSPICIOUS_MOVE = YES;
				CLANG_WARN_UNGUARDED_AVAILABILITY = YES_AGGRESSIVE;
				CLANG_WARN_UNREACHABLE_CODE = YES;
				CLANG_WARN__DUPLICATE_METHOD_MATCH = YES;
				CODE_SIGN_IDENTITY = "iPhone Developer";
				COPY_PHASE_STRIP = NO;
				DEBUG_INFORMATION_FORMAT = "dwarf-with-dsym";
				ENABLE_NS_ASSERTIONS = NO;
				ENABLE_STRICT_OBJC_MSGSEND = YES;
				GCC_C_LANGUAGE_STANDARD = gnu11;
				GCC_NO_COMMON_BLOCKS = YES;
				GCC_WARN_64_TO_32_BIT_CONVERSION = YES;
				GCC_WARN_ABOUT_RETURN_TYPE = YES_ERROR;
				GCC_WARN_UNDECLARED_SELECTOR = YES;
				GCC_WARN_UNINITIALIZED_AUTOS = YES_AGGRESSIVE;
				GCC_WARN_UNUSED_FUNCTION = YES;
				GCC_WARN_UNUSED_VARIABLE = YES;
				IPHONEOS_DEPLOYMENT_TARGET = 12.0;
				MTL_ENABLE_DEBUG_INFO = NO;
				MTL_FAST_MATH = YES;
				SDKROOT = iphoneos;
				SWIFT_COMPILATION_MODE = wholemodule;
				SWIFT_OPTIMIZATION_LEVEL = "-O";
				VALIDATE_PRODUCT = YES;
			};
			name = Release;
		};
		A989E4F72163C67F00DD495F /* Debug */ = {
			isa = XCBuildConfiguration;
			buildSettings = {
				ASSETCATALOG_COMPILER_APPICON_NAME = AppIcon;
				CODE_SIGN_STYLE = Automatic;
				DEVELOPMENT_TEAM = 6UU452CNJ4;
				INFOPLIST_FILE = Math/Info.plist;
				LD_RUNPATH_SEARCH_PATHS = (
					"$(inherited)",
					"@executable_path/Frameworks",
				);
				PRODUCT_BUNDLE_IDENTIFIER = com.tec.Math;
				PRODUCT_NAME = "$(TARGET_NAME)";
				SWIFT_VERSION = 4.2;
				TARGETED_DEVICE_FAMILY = "1,2";
			};
			name = Debug;
		};
		A989E4F82163C67F00DD495F /* Release */ = {
			isa = XCBuildConfiguration;
			buildSettings = {
				ASSETCATALOG_COMPILER_APPICON_NAME = AppIcon;
				CODE_SIGN_STYLE = Automatic;
				DEVELOPMENT_TEAM = 6UU452CNJ4;
				INFOPLIST_FILE = Math/Info.plist;
				LD_RUNPATH_SEARCH_PATHS = (
					"$(inherited)",
					"@executable_path/Frameworks",
				);
				PRODUCT_BUNDLE_IDENTIFIER = com.tec.Math;
				PRODUCT_NAME = "$(TARGET_NAME)";
				SWIFT_VERSION = 4.2;
				TARGETED_DEVICE_FAMILY = "1,2";
			};
			name = Release;
		};
		A989E4FA2163C67F00DD495F /* Debug */ = {
			isa = XCBuildConfiguration;
			buildSettings = {
				ALWAYS_EMBED_SWIFT_STANDARD_LIBRARIES = YES;
				BUNDLE_LOADER = "$(TEST_HOST)";
				CODE_SIGN_STYLE = Automatic;
				INFOPLIST_FILE = MathTests/Info.plist;
				LD_RUNPATH_SEARCH_PATHS = (
					"$(inherited)",
					"@executable_path/Frameworks",
					"@loader_path/Frameworks",
				);
				PRODUCT_BUNDLE_IDENTIFIER = com.tec.MathTests;
				PRODUCT_NAME = "$(TARGET_NAME)";
				SWIFT_VERSION = 4.2;
				TARGETED_DEVICE_FAMILY = "1,2";
				TEST_HOST = "$(BUILT_PRODUCTS_DIR)/Math.app/Math";
			};
			name = Debug;
		};
		A989E4FB2163C67F00DD495F /* Release */ = {
			isa = XCBuildConfiguration;
			buildSettings = {
				ALWAYS_EMBED_SWIFT_STANDARD_LIBRARIES = YES;
				BUNDLE_LOADER = "$(TEST_HOST)";
				CODE_SIGN_STYLE = Automatic;
				INFOPLIST_FILE = MathTests/Info.plist;
				LD_RUNPATH_SEARCH_PATHS = (
					"$(inherited)",
					"@executable_path/Frameworks",
					"@loader_path/Frameworks",
				);
				PRODUCT_BUNDLE_IDENTIFIER = com.tec.MathTests;
				PRODUCT_NAME = "$(TARGET_NAME)";
				SWIFT_VERSION = 4.2;
				TARGETED_DEVICE_FAMILY = "1,2";
				TEST_HOST = "$(BUILT_PRODUCTS_DIR)/Math.app/Math";
			};
			name = Release;
		};
		A9CE7206216717AA003CC893 /* Debug */ = {
			isa = XCBuildConfiguration;
			buildSettings = {
				ALWAYS_EMBED_SWIFT_STANDARD_LIBRARIES = YES;
				ASSETCATALOG_COMPILER_APPICON_NAME = AppIcon;
				CODE_SIGN_STYLE = Automatic;
				DEVELOPMENT_TEAM = 6UU452CNJ4;
				IBSC_MODULE = MathWatch_Extension;
				INFOPLIST_FILE = MathWatch/Info.plist;
				PRODUCT_BUNDLE_IDENTIFIER = com.tec.Math.watchkitapp;
				PRODUCT_NAME = "$(TARGET_NAME)";
				SDKROOT = watchos;
				SKIP_INSTALL = YES;
				SWIFT_VERSION = 4.2;
				TARGETED_DEVICE_FAMILY = 4;
				WATCHOS_DEPLOYMENT_TARGET = 5.0;
			};
			name = Debug;
		};
		A9CE7207216717AA003CC893 /* Release */ = {
			isa = XCBuildConfiguration;
			buildSettings = {
				ALWAYS_EMBED_SWIFT_STANDARD_LIBRARIES = YES;
				ASSETCATALOG_COMPILER_APPICON_NAME = AppIcon;
				CODE_SIGN_STYLE = Automatic;
				DEVELOPMENT_TEAM = 6UU452CNJ4;
				IBSC_MODULE = MathWatch_Extension;
				INFOPLIST_FILE = MathWatch/Info.plist;
				PRODUCT_BUNDLE_IDENTIFIER = com.tec.Math.watchkitapp;
				PRODUCT_NAME = "$(TARGET_NAME)";
				SDKROOT = watchos;
				SKIP_INSTALL = YES;
				SWIFT_VERSION = 4.2;
				TARGETED_DEVICE_FAMILY = 4;
				WATCHOS_DEPLOYMENT_TARGET = 5.0;
			};
			name = Release;
		};
		A9CE7208216717AA003CC893 /* Debug */ = {
			isa = XCBuildConfiguration;
			buildSettings = {
				ASSETCATALOG_COMPILER_COMPLICATION_NAME = Complication;
				CODE_SIGN_STYLE = Automatic;
				DEVELOPMENT_TEAM = 6UU452CNJ4;
				INFOPLIST_FILE = "MathWatch Extension/Info.plist";
				LD_RUNPATH_SEARCH_PATHS = (
					"$(inherited)",
					"@executable_path/Frameworks",
					"@executable_path/../../Frameworks",
				);
				PRODUCT_BUNDLE_IDENTIFIER = com.tec.Math.watchkitapp.watchkitextension;
				PRODUCT_NAME = "${TARGET_NAME}";
				SDKROOT = watchos;
				SKIP_INSTALL = YES;
				SWIFT_VERSION = 4.2;
				TARGETED_DEVICE_FAMILY = 4;
				WATCHOS_DEPLOYMENT_TARGET = 5.0;
			};
			name = Debug;
		};
		A9CE7209216717AA003CC893 /* Release */ = {
			isa = XCBuildConfiguration;
			buildSettings = {
				ASSETCATALOG_COMPILER_COMPLICATION_NAME = Complication;
				CODE_SIGN_STYLE = Automatic;
				DEVELOPMENT_TEAM = 6UU452CNJ4;
				INFOPLIST_FILE = "MathWatch Extension/Info.plist";
				LD_RUNPATH_SEARCH_PATHS = (
					"$(inherited)",
					"@executable_path/Frameworks",
					"@executable_path/../../Frameworks",
				);
				PRODUCT_BUNDLE_IDENTIFIER = com.tec.Math.watchkitapp.watchkitextension;
				PRODUCT_NAME = "${TARGET_NAME}";
				SDKROOT = watchos;
				SKIP_INSTALL = YES;
				SWIFT_VERSION = 4.2;
				TARGETED_DEVICE_FAMILY = 4;
				WATCHOS_DEPLOYMENT_TARGET = 5.0;
			};
			name = Release;
		};
/* End XCBuildConfiguration section */

/* Begin XCConfigurationList section */
		A989E4D42163C67D00DD495F /* Build configuration list for PBXProject "Math" */ = {
			isa = XCConfigurationList;
			buildConfigurations = (
				A989E4F42163C67F00DD495F /* Debug */,
				A989E4F52163C67F00DD495F /* Release */,
			);
			defaultConfigurationIsVisible = 0;
			defaultConfigurationName = Release;
		};
		A989E4F62163C67F00DD495F /* Build configuration list for PBXNativeTarget "Math" */ = {
			isa = XCConfigurationList;
			buildConfigurations = (
				A989E4F72163C67F00DD495F /* Debug */,
				A989E4F82163C67F00DD495F /* Release */,
			);
			defaultConfigurationIsVisible = 0;
			defaultConfigurationName = Release;
		};
		A989E4F92163C67F00DD495F /* Build configuration list for PBXNativeTarget "MathTests" */ = {
			isa = XCConfigurationList;
			buildConfigurations = (
				A989E4FA2163C67F00DD495F /* Debug */,
				A989E4FB2163C67F00DD495F /* Release */,
			);
			defaultConfigurationIsVisible = 0;
			defaultConfigurationName = Release;
		};
		A9CE720A216717AA003CC893 /* Build configuration list for PBXNativeTarget "MathWatch Extension" */ = {
			isa = XCConfigurationList;
			buildConfigurations = (
				A9CE7208216717AA003CC893 /* Debug */,
				A9CE7209216717AA003CC893 /* Release */,
			);
			defaultConfigurationIsVisible = 0;
			defaultConfigurationName = Release;
		};
		A9CE720C216717AA003CC893 /* Build configuration list for PBXNativeTarget "MathWatch" */ = {
			isa = XCConfigurationList;
			buildConfigurations = (
				A9CE7206216717AA003CC893 /* Debug */,
				A9CE7207216717AA003CC893 /* Release */,
			);
			defaultConfigurationIsVisible = 0;
			defaultConfigurationName = Release;
		};
/* End XCConfigurationList section */
	};
	rootObject = A989E4D12163C67D00DD495F /* Project object */;
}
